// !$*UTF8*$!
{
	archiveVersion = 1;
	classes = {
	};
	objectVersion = 48;
	objects = {

/* Begin PBXBuildFile section */
		C05BB70484DF995E13B1E330 /* Pods_TaskListSwift.framework in Frameworks */ = {isa = PBXBuildFile; fileRef = 0527179F66D68ED2C83D41CF /* Pods_TaskListSwift.framework */; };
		FA6751D82001268C009BD1AE /* AppDelegate.swift in Sources */ = {isa = PBXBuildFile; fileRef = FA6751D72001268C009BD1AE /* AppDelegate.swift */; };
		FA6751DA2001268C009BD1AE /* ViewController.swift in Sources */ = {isa = PBXBuildFile; fileRef = FA6751D92001268C009BD1AE /* ViewController.swift */; };
		FA6751DD2001268C009BD1AE /* Main.storyboard in Resources */ = {isa = PBXBuildFile; fileRef = FA6751DB2001268C009BD1AE /* Main.storyboard */; };
		FA6751DF2001268C009BD1AE /* Assets.xcassets in Resources */ = {isa = PBXBuildFile; fileRef = FA6751DE2001268C009BD1AE /* Assets.xcassets */; };
		FA6751E22001268C009BD1AE /* LaunchScreen.storyboard in Resources */ = {isa = PBXBuildFile; fileRef = FA6751E02001268C009BD1AE /* LaunchScreen.storyboard */; };
/* End PBXBuildFile section */

/* Begin PBXFileReference section */
		0527179F66D68ED2C83D41CF /* Pods_TaskListSwift.framework */ = {isa = PBXFileReference; explicitFileType = wrapper.framework; includeInIndex = 0; path = Pods_TaskListSwift.framework; sourceTree = BUILT_PRODUCTS_DIR; };
		13D675C04E53E9FC4D1B4095 /* Pods-TaskListSwift.debug.xcconfig */ = {isa = PBXFileReference; includeInIndex = 1; lastKnownFileType = text.xcconfig; name = "Pods-TaskListSwift.debug.xcconfig"; path = "Pods/Target Support Files/Pods-TaskListSwift/Pods-TaskListSwift.debug.xcconfig"; sourceTree = "<group>"; };
		9B91DA06AC6219125EB3BA4A /* Pods-TaskListSwift.release.xcconfig */ = {isa = PBXFileReference; includeInIndex = 1; lastKnownFileType = text.xcconfig; name = "Pods-TaskListSwift.release.xcconfig"; path = "Pods/Target Support Files/Pods-TaskListSwift/Pods-TaskListSwift.release.xcconfig"; sourceTree = "<group>"; };
		FA6751D42001268C009BD1AE /* TaskListSwift.app */ = {isa = PBXFileReference; explicitFileType = wrapper.application; includeInIndex = 0; path = TaskListSwift.app; sourceTree = BUILT_PRODUCTS_DIR; };
		FA6751D72001268C009BD1AE /* AppDelegate.swift */ = {isa = PBXFileReference; lastKnownFileType = sourcecode.swift; path = AppDelegate.swift; sourceTree = "<group>"; };
		FA6751D92001268C009BD1AE /* ViewController.swift */ = {isa = PBXFileReference; lastKnownFileType = sourcecode.swift; path = ViewController.swift; sourceTree = "<group>"; };
		FA6751DC2001268C009BD1AE /* Base */ = {isa = PBXFileReference; lastKnownFileType = file.storyboard; name = Base; path = Base.lproj/Main.storyboard; sourceTree = "<group>"; };
		FA6751DE2001268C009BD1AE /* Assets.xcassets */ = {isa = PBXFileReference; lastKnownFileType = folder.assetcatalog; path = Assets.xcassets; sourceTree = "<group>"; };
		FA6751E12001268C009BD1AE /* Base */ = {isa = PBXFileReference; lastKnownFileType = file.storyboard; name = Base; path = Base.lproj/LaunchScreen.storyboard; sourceTree = "<group>"; };
		FA6751E32001268C009BD1AE /* Info.plist */ = {isa = PBXFileReference; lastKnownFileType = text.plist.xml; path = Info.plist; sourceTree = "<group>"; };
/* End PBXFileReference section */

/* Begin PBXFrameworksBuildPhase section */
		FA6751D12001268C009BD1AE /* Frameworks */ = {
			isa = PBXFrameworksBuildPhase;
			buildActionMask = 2147483647;
			files = (
				C05BB70484DF995E13B1E330 /* Pods_TaskListSwift.framework in Frameworks */,
			);
			runOnlyForDeploymentPostprocessing = 0;
		};
/* End PBXFrameworksBuildPhase section */

/* Begin PBXGroup section */
		11CF7D896F755AD63D2E4AE6 /* Pods */ = {
			isa = PBXGroup;
			children = (
				13D675C04E53E9FC4D1B4095 /* Pods-TaskListSwift.debug.xcconfig */,
				9B91DA06AC6219125EB3BA4A /* Pods-TaskListSwift.release.xcconfig */,
			);
			name = Pods;
			sourceTree = "<group>";
		};
		A22F7CD214EAB4F64C534AB4 /* Frameworks */ = {
			isa = PBXGroup;
			children = (
				0527179F66D68ED2C83D41CF /* Pods_TaskListSwift.framework */,
			);
			name = Frameworks;
			sourceTree = "<group>";
		};
		FA6751CB2001268C009BD1AE = {
			isa = PBXGroup;
			children = (
				FA6751D62001268C009BD1AE /* TaskListSwift */,
				FA6751D52001268C009BD1AE /* Products */,
				11CF7D896F755AD63D2E4AE6 /* Pods */,
				A22F7CD214EAB4F64C534AB4 /* Frameworks */,
			);
			sourceTree = "<group>";
		};
		FA6751D52001268C009BD1AE /* Products */ = {
			isa = PBXGroup;
			children = (
				FA6751D42001268C009BD1AE /* TaskListSwift.app */,
			);
			name = Products;
			sourceTree = "<group>";
		};
		FA6751D62001268C009BD1AE /* TaskListSwift */ = {
			isa = PBXGroup;
			children = (
				FA6751E920012D5F009BD1AE /* Helpers */,
				FA6751D72001268C009BD1AE /* AppDelegate.swift */,
				FA6751D92001268C009BD1AE /* ViewController.swift */,
				FA6751DB2001268C009BD1AE /* Main.storyboard */,
				FA6751DE2001268C009BD1AE /* Assets.xcassets */,
				FA6751E02001268C009BD1AE /* LaunchScreen.storyboard */,
				FA6751E32001268C009BD1AE /* Info.plist */,
			);
			path = TaskListSwift;
			sourceTree = "<group>";
		};
		FA6751E920012D5F009BD1AE /* Helpers */ = {
			isa = PBXGroup;
			children = (
			);
			path = Helpers;
			sourceTree = "<group>";
		};
/* End PBXGroup section */

/* Begin PBXNativeTarget section */
		FA6751D32001268C009BD1AE /* TaskListSwift */ = {
			isa = PBXNativeTarget;
			buildConfigurationList = FA6751E62001268C009BD1AE /* Build configuration list for PBXNativeTarget "TaskListSwift" */;
			buildPhases = (
				9C554007721BE94E517AE6C0 /* [CP] Check Pods Manifest.lock */,
				FA6751D02001268C009BD1AE /* Sources */,
				FA6751D12001268C009BD1AE /* Frameworks */,
				FA6751D22001268C009BD1AE /* Resources */,
				268B6D02BBE282CA7C3A831F /* [CP] Embed Pods Frameworks */,
				25742022EA695A7775065C14 /* [CP] Copy Pods Resources */,
			);
			buildRules = (
			);
			dependencies = (
			);
			name = TaskListSwift;
			productName = TaskListSwift;
			productReference = FA6751D42001268C009BD1AE /* TaskListSwift.app */;
			productType = "com.apple.product-type.application";
		};
/* End PBXNativeTarget section */

/* Begin PBXProject section */
		FA6751CC2001268C009BD1AE /* Project object */ = {
			isa = PBXProject;
			attributes = {
				LastSwiftUpdateCheck = 0920;
				LastUpgradeCheck = 0920;
				ORGANIZATIONNAME = Macbook;
				TargetAttributes = {
					FA6751D32001268C009BD1AE = {
						CreatedOnToolsVersion = 9.2;
						ProvisioningStyle = Automatic;
					};
				};
			};
			buildConfigurationList = FA6751CF2001268C009BD1AE /* Build configuration list for PBXProject "TaskListSwift" */;
			compatibilityVersion = "Xcode 8.0";
			developmentRegion = en;
			hasScannedForEncodings = 0;
			knownRegions = (
				en,
				Base,
			);
			mainGroup = FA6751CB2001268C009BD1AE;
			productRefGroup = FA6751D52001268C009BD1AE /* Products */;
			projectDirPath = "";
			projectRoot = "";
			targets = (
				FA6751D32001268C009BD1AE /* TaskListSwift */,
			);
		};
/* End PBXProject section */

/* Begin PBXResourcesBuildPhase section */
		FA6751D22001268C009BD1AE /* Resources */ = {
			isa = PBXResourcesBuildPhase;
			buildActionMask = 2147483647;
			files = (
				FA6751E22001268C009BD1AE /* LaunchScreen.storyboard in Resources */,
				FA6751DF2001268C009BD1AE /* Assets.xcassets in Resources */,
				FA6751DD2001268C009BD1AE /* Main.storyboard in Resources */,
			);
			runOnlyForDeploymentPostprocessing = 0;
		};
/* End PBXResourcesBuildPhase section */

/* Begin PBXShellScriptBuildPhase section */
		25742022EA695A7775065C14 /* [CP] Copy Pods Resources */ = {
			isa = PBXShellScriptBuildPhase;
			buildActionMask = 2147483647;
			files = (
			);
			inputPaths = (
			);
			name = "[CP] Copy Pods Resources";
			outputPaths = (
			);
			runOnlyForDeploymentPostprocessing = 0;
			shellPath = /bin/sh;
			shellScript = "\"${SRCROOT}/Pods/Target Support Files/Pods-TaskListSwift/Pods-TaskListSwift-resources.sh\"\n";
			showEnvVarsInLog = 0;
		};
		268B6D02BBE282CA7C3A831F /* [CP] Embed Pods Frameworks */ = {
			isa = PBXShellScriptBuildPhase;
			buildActionMask = 2147483647;
			files = (
			);
			inputPaths = (
				"${SRCROOT}/Pods/Target Support Files/Pods-TaskListSwift/Pods-TaskListSwift-frameworks.sh",
				"${BUILT_PRODUCTS_DIR}/PageMenu/PageMenu.framework",
			);
			name = "[CP] Embed Pods Frameworks";
			outputPaths = (
				"${TARGET_BUILD_DIR}/${FRAMEWORKS_FOLDER_PATH}/PageMenu.framework",
			);
			runOnlyForDeploymentPostprocessing = 0;
			shellPath = /bin/sh;
			shellScript = "\"${SRCROOT}/Pods/Target Support Files/Pods-TaskListSwift/Pods-TaskListSwift-frameworks.sh\"\n";
			showEnvVarsInLog = 0;
		};
		9C554007721BE94E517AE6C0 /* [CP] Check Pods Manifest.lock */ = {
			isa = PBXShellScriptBuildPhase;
			buildActionMask = 2147483647;
			files = (
			);
			inputPaths = (
				"${PODS_PODFILE_DIR_PATH}/Podfile.lock",
				"${PODS_ROOT}/Manifest.lock",
			);
			name = "[CP] Check Pods Manifest.lock";
			outputPaths = (
				"$(DERIVED_FILE_DIR)/Pods-TaskListSwift-checkManifestLockResult.txt",
			);
			runOnlyForDeploymentPostprocessing = 0;
			shellPath = /bin/sh;
			shellScript = "diff \"${PODS_PODFILE_DIR_PATH}/Podfile.lock\" \"${PODS_ROOT}/Manifest.lock\" > /dev/null\nif [ $? != 0 ] ; then\n    # print error to STDERR\n    echo \"error: The sandbox is not in sync with the Podfile.lock. Run 'pod install' or update your CocoaPods installation.\" >&2\n    exit 1\nfi\n# This output is used by Xcode 'outputs' to avoid re-running this script phase.\necho \"SUCCESS\" > \"${SCRIPT_OUTPUT_FILE_0}\"\n";
			showEnvVarsInLog = 0;
		};
/* End PBXShellScriptBuildPhase section */

/* Begin PBXSourcesBuildPhase section */
		FA6751D02001268C009BD1AE /* Sources */ = {
			isa = PBXSourcesBuildPhase;
			buildActionMask = 2147483647;
			files = (
				FA6751DA2001268C009BD1AE /* ViewController.swift in Sources */,
				FA6751D82001268C009BD1AE /* AppDelegate.swift in Sources */,
			);
			runOnlyForDeploymentPostprocessing = 0;
		};
/* End PBXSourcesBuildPhase section */

/* Begin PBXVariantGroup section */
		FA6751DB2001268C009BD1AE /* Main.storyboard */ = {
			isa = PBXVariantGroup;
			children = (
				FA6751DC2001268C009BD1AE /* Base */,
			);
			name = Main.storyboard;
			sourceTree = "<group>";
		};
		FA6751E02001268C009BD1AE /* LaunchScreen.storyboard */ = {
			isa = PBXVariantGroup;
			children = (
				FA6751E12001268C009BD1AE /* Base */,
			);
			name = LaunchScreen.storyboard;
			sourceTree = "<group>";
		};
/* End PBXVariantGroup section */

/* Begin XCBuildConfiguration section */
		FA6751E42001268C009BD1AE /* Debug */ = {
			isa = XCBuildConfiguration;
			buildSettings = {
				ALWAYS_SEARCH_USER_PATHS = NO;
				CLANG_ANALYZER_NONNULL = YES;
				CLANG_ANALYZER_NUMBER_OBJECT_CONVERSION = YES_AGGRESSIVE;
				CLANG_CXX_LANGUAGE_STANDARD = "gnu++14";
				CLANG_CXX_LIBRARY = "libc++";
				CLANG_ENABLE_MODULES = YES;
				CLANG_ENABLE_OBJC_ARC = YES;
				CLANG_WARN_BLOCK_CAPTURE_AUTORELEASING = YES;
				CLANG_WARN_BOOL_CONVERSION = YES;
				CLANG_WARN_COMMA = YES;
				CLANG_WARN_CONSTANT_CONVERSION = YES;
				CLANG_WARN_DIRECT_OBJC_ISA_USAGE = YES_ERROR;
				CLANG_WARN_DOCUMENTATION_COMMENTS = YES;
				CLANG_WARN_EMPTY_BODY = YES;
				CLANG_WARN_ENUM_CONVERSION = YES;
				CLANG_WARN_INFINITE_RECURSION = YES;
				CLANG_WARN_INT_CONVERSION = YES;
				CLANG_WARN_NON_LITERAL_NULL_CONVERSION = YES;
				CLANG_WARN_OBJC_LITERAL_CONVERSION = YES;
				CLANG_WARN_OBJC_ROOT_CLASS = YES_ERROR;
				CLANG_WARN_RANGE_LOOP_ANALYSIS = YES;
				CLANG_WARN_STRICT_PROTOTYPES = YES;
				CLANG_WARN_SUSPICIOUS_MOVE = YES;
				CLANG_WARN_UNGUARDED_AVAILABILITY = YES_AGGRESSIVE;
				CLANG_WARN_UNREACHABLE_CODE = YES;
				CLANG_WARN__DUPLICATE_METHOD_MATCH = YES;
				CODE_SIGN_IDENTITY = "iPhone Developer";
				COPY_PHASE_STRIP = NO;
				DEBUG_INFORMATION_FORMAT = dwarf;
				ENABLE_STRICT_OBJC_MSGSEND = YES;
				ENABLE_TESTABILITY = YES;
				GCC_C_LANGUAGE_STANDARD = gnu11;
				GCC_DYNAMIC_NO_PIC = NO;
				GCC_NO_COMMON_BLOCKS = YES;
				GCC_OPTIMIZATION_LEVEL = 0;
				GCC_PREPROCESSOR_DEFINITIONS = (
					"DEBUG=1",
					"$(inherited)",
				);
				GCC_WARN_64_TO_32_BIT_CONVERSION = YES;
				GCC_WARN_ABOUT_RETURN_TYPE = YES_ERROR;
				GCC_WARN_UNDECLARED_SELECTOR = YES;
				GCC_WARN_UNINITIALIZED_AUTOS = YES_AGGRESSIVE;
				GCC_WARN_UNUSED_FUNCTION = YES;
				GCC_WARN_UNUSED_VARIABLE = YES;
				IPHONEOS_DEPLOYMENT_TARGET = 11.2;
				MTL_ENABLE_DEBUG_INFO = YES;
				ONLY_ACTIVE_ARCH = YES;
				SDKROOT = iphoneos;
				SWIFT_ACTIVE_COMPILATION_CONDITIONS = DEBUG;
				SWIFT_OPTIMIZATION_LEVEL = "-Onone";
			};
			name = Debug;
		};
		FA6751E52001268C009BD1AE /* Release */ = {
			isa = XCBuildConfiguration;
			buildSettings = {
				ALWAYS_SEARCH_USER_PATHS = NO;
				CLANG_ANALYZER_NONNULL = YES;
				CLANG_ANALYZER_NUMBER_OBJECT_CONVERSION = YES_AGGRESSIVE;
				CLANG_CXX_LANGUAGE_STANDARD = "gnu++14";
				CLANG_CXX_LIBRARY = "libc++";
				CLANG_ENABLE_MODULES = YES;
				CLANG_ENABLE_OBJC_ARC = YES;
				CLANG_WARN_BLOCK_CAPTURE_AUTORELEASING = YES;
				CLANG_WARN_BOOL_CONVERSION = YES;
				CLANG_WARN_COMMA = YES;
				CLANG_WARN_CONSTANT_CONVERSION = YES;
				CLANG_WARN_DIRECT_OBJC_ISA_USAGE = YES_ERROR;
				CLANG_WARN_DOCUMENTATION_COMMENTS = YES;
				CLANG_WARN_EMPTY_BODY = YES;
				CLANG_WARN_ENUM_CONVERSION = YES;
				CLANG_WARN_INFINITE_RECURSION = YES;
				CLANG_WARN_INT_CONVERSION = YES;
				CLANG_WARN_NON_LITERAL_NULL_CONVERSION = YES;
				CLANG_WARN_OBJC_LITERAL_CONVERSION = YES;
				CLANG_WARN_OBJC_ROOT_CLASS = YES_ERROR;
				CLANG_WARN_RANGE_LOOP_ANALYSIS = YES;
				CLANG_WARN_STRICT_PROTOTYPES = YES;
				CLANG_WARN_SUSPICIOUS_MOVE = YES;
				CLANG_WARN_UNGUARDED_AVAILABILITY = YES_AGGRESSIVE;
				CLANG_WARN_UNREACHABLE_CODE = YES;
				CLANG_WARN__DUPLICATE_METHOD_MATCH = YES;
				CODE_SIGN_IDENTITY = "iPhone Developer";
				COPY_PHASE_STRIP = NO;
				DEBUG_INFORMATION_FORMAT = "dwarf-with-dsym";
				ENABLE_NS_ASSERTIONS = NO;
				ENABLE_STRICT_OBJC_MSGSEND = YES;
				GCC_C_LANGUAGE_STANDARD = gnu11;
				GCC_NO_COMMON_BLOCKS = YES;
				GCC_WARN_64_TO_32_BIT_CONVERSION = YES;
				GCC_WARN_ABOUT_RETURN_TYPE = YES_ERROR;
				GCC_WARN_UNDECLARED_SELECTOR = YES;
				GCC_WARN_UNINITIALIZED_AUTOS = YES_AGGRESSIVE;
				GCC_WARN_UNUSED_FUNCTION = YES;
				GCC_WARN_UNUSED_VARIABLE = YES;
				IPHONEOS_DEPLOYMENT_TARGET = 11.2;
				MTL_ENABLE_DEBUG_INFO = NO;
				SDKROOT = iphoneos;
				SWIFT_OPTIMIZATION_LEVEL = "-Owholemodule";
				VALIDATE_PRODUCT = YES;
			};
			name = Release;
		};
		FA6751E72001268C009BD1AE /* Debug */ = {
			isa = XCBuildConfiguration;
			baseConfigurationReference = 13D675C04E53E9FC4D1B4095 /* Pods-TaskListSwift.debug.xcconfig */;
			buildSettings = {
				ASSETCATALOG_COMPILER_APPICON_NAME = AppIcon;
				CODE_SIGN_STYLE = Automatic;
				INFOPLIST_FILE = TaskListSwift/Info.plist;
				LD_RUNPATH_SEARCH_PATHS = "$(inherited) @executable_path/Frameworks";
				PRODUCT_BUNDLE_IDENTIFIER = pgsc.TaskListSwift;
				PRODUCT_NAME = "$(TARGET_NAME)";
				SWIFT_VERSION = 4.0;
				TARGETED_DEVICE_FAMILY = "1,2";
			};
			name = Debug;
		};
		FA6751E82001268C009BD1AE /* Release */ = {
			isa = XCBuildConfiguration;
			baseConfigurationReference = 9B91DA06AC6219125EB3BA4A /* Pods-TaskListSwift.release.xcconfig */;
			buildSettings = {
				ASSETCATALOG_COMPILER_APPICON_NAME = AppIcon;
				CODE_SIGN_STYLE = Automatic;
				INFOPLIST_FILE = TaskListSwift/Info.plist;
				LD_RUNPATH_SEARCH_PATHS = "$(inherited) @executable_path/Frameworks";
				PRODUCT_BUNDLE_IDENTIFIER = pgsc.TaskListSwift;
				PRODUCT_NAME = "$(TARGET_NAME)";
				SWIFT_VERSION = 4.0;
				TARGETED_DEVICE_FAMILY = "1,2";
			};
			name = Release;
		};
/* End XCBuildConfiguration section */

/* Begin XCConfigurationList section */
		FA6751CF2001268C009BD1AE /* Build configuration list for PBXProject "TaskListSwift" */ = {
			isa = XCConfigurationList;
			buildConfigurations = (
				FA6751E42001268C009BD1AE /* Debug */,
				FA6751E52001268C009BD1AE /* Release */,
			);
			defaultConfigurationIsVisible = 0;
			defaultConfigurationName = Release;
		};
		FA6751E62001268C009BD1AE /* Build configuration list for PBXNativeTarget "TaskListSwift" */ = {
			isa = XCConfigurationList;
			buildConfigurations = (
				FA6751E72001268C009BD1AE /* Debug */,
				FA6751E82001268C009BD1AE /* Release */,
			);
			defaultConfigurationIsVisible = 0;
			defaultConfigurationName = Release;
		};
/* End XCConfigurationList section */
	};
	rootObject = FA6751CC2001268C009BD1AE /* Project object */;
}
